
Microsoft Visual Studio Solution File, Format Version 12.00
# Visual Studio Version 16
VisualStudioVersion = 16.0.30523.141
MinimumVisualStudioVersion = 10.0.40219.1
Project("{FAE04EC0-301F-11D3-BF4B-00C04F79EFBC}") = "_02_ClaimsConsole", "_02_ClaimsConsole\_02_ClaimsConsole.csproj", "{5E1FE3C2-CC89-4A9B-AF18-3ACB86AFB81C}"
EndProject
Project("{FAE04EC0-301F-11D3-BF4B-00C04F79EFBC}") = "_02_ClaimsRepo", "ClassLibrary1\_02_ClaimsRepo.csproj", "{07EB77C8-03AB-447A-BD32-4581A38D4BD2}"
EndProject
Project("{FAE04EC0-301F-11D3-BF4B-00C04F79EFBC}") = "_02_ClaimsTest", "_02_ClaimsTest\_02_ClaimsTest.csproj", "{A3595DE9-CF2D-493F-8E1F-8747CEE37C6D}"
EndProject
Global
	GlobalSection(SolutionConfigurationPlatforms) = preSolution
		Debug|Any CPU = Debug|Any CPU
		Release|Any CPU = Release|Any CPU
	EndGlobalSection
	GlobalSection(ProjectConfigurationPlatforms) = postSolution
		{5E1FE3C2-CC89-4A9B-AF18-3ACB86AFB81C}.Debug|Any CPU.ActiveCfg = Debug|Any CPU
		{5E1FE3C2-CC89-4A9B-AF18-3ACB86AFB81C}.Debug|Any CPU.Build.0 = Debug|Any CPU
		{5E1FE3C2-CC89-4A9B-AF18-3ACB86AFB81C}.Release|Any CPU.ActiveCfg = Release|Any CPU
		{5E1FE3C2-CC89-4A9B-AF18-3ACB86AFB81C}.Release|Any CPU.Build.0 = Release|Any CPU
		{07EB77C8-03AB-447A-BD32-4581A38D4BD2}.Debug|Any CPU.ActiveCfg = Debug|Any CPU
		{07EB77C8-03AB-447A-BD32-4581A38D4BD2}.Debug|Any CPU.Build.0 = Debug|Any CPU
		{07EB77C8-03AB-447A-BD32-4581A38D4BD2}.Release|Any CPU.ActiveCfg = Release|Any CPU
		{07EB77C8-03AB-447A-BD32-4581A38D4BD2}.Release|Any CPU.Build.0 = Release|Any CPU
		{A3595DE9-CF2D-493F-8E1F-8747CEE37C6D}.Debug|Any CPU.ActiveCfg = Debug|Any CPU
		{A3595DE9-CF2D-493F-8E1F-8747CEE37C6D}.Debug|Any CPU.Build.0 = Debug|Any CPU
		{A3595DE9-CF2D-493F-8E1F-8747CEE37C6D}.Release|Any CPU.ActiveCfg = Release|Any CPU
		{A3595DE9-CF2D-493F-8E1F-8747CEE37C6D}.Release|Any CPU.Build.0 = Release|Any CPU
	EndGlobalSection
	GlobalSection(SolutionProperties) = preSolution
		HideSolutionNode = FALSE
	EndGlobalSection
	GlobalSection(ExtensibilityGlobals) = postSolution
		SolutionGuid = {E9401977-A79E-410C-B098-59AA6DE37157}
	EndGlobalSection
EndGlobal
